
Microsoft Visual Studio Solution File, Format Version 12.00
# Visual Studio Version 16
VisualStudioVersion = 16.0.31729.503
MinimumVisualStudioVersion = 10.0.40219.1
Project("{FAE04EC0-301F-11D3-BF4B-00C04F79EFBC}") = "CSharp.Capitulo01.Sintaxe", "CSharp.Capitulo01.Sintaxe\CSharp.Capitulo01.Sintaxe.csproj", "{C891B9C0-9897-4556-9E0C-B810786FEE30}"
EndProject
Project("{FAE04EC0-301F-11D3-BF4B-00C04F79EFBC}") = "CSharp.Capitulo01.ValeTransporte", "CSharp.Capitulo01.ValeTransporte\CSharp.Capitulo01.ValeTransporte.csproj", "{0D8A20CC-3045-4826-A858-0297565AFBA2}"
EndProject
Project("{FAE04EC0-301F-11D3-BF4B-00C04F79EFBC}") = "CSharp.Capitulo02.GeradorSenha", "CSharp.Capitulo02.GeradorSenha\CSharp.Capitulo02.GeradorSenha.csproj", "{E4121BEF-D319-46C4-9A30-78B01FA537A7}"
EndProject
Project("{FAE04EC0-301F-11D3-BF4B-00C04F79EFBC}") = "CSharp.Capitulo02.EstruturasControle.Testes", "CSharp.Capitulo02.EstruturasControle.Testes\CSharp.Capitulo02.EstruturasControle.Testes.csproj", "{6E7509DB-9ADB-4B69-BBC5-A19B2C9EF24A}"
EndProject
Global
	GlobalSection(SolutionConfigurationPlatforms) = preSolution
		Debug|Any CPU = Debug|Any CPU
		Release|Any CPU = Release|Any CPU
	EndGlobalSection
	GlobalSection(ProjectConfigurationPlatforms) = postSolution
		{C891B9C0-9897-4556-9E0C-B810786FEE30}.Debug|Any CPU.ActiveCfg = Debug|Any CPU
		{C891B9C0-9897-4556-9E0C-B810786FEE30}.Debug|Any CPU.Build.0 = Debug|Any CPU
		{C891B9C0-9897-4556-9E0C-B810786FEE30}.Release|Any CPU.ActiveCfg = Release|Any CPU
		{C891B9C0-9897-4556-9E0C-B810786FEE30}.Release|Any CPU.Build.0 = Release|Any CPU
		{0D8A20CC-3045-4826-A858-0297565AFBA2}.Debug|Any CPU.ActiveCfg = Debug|Any CPU
		{0D8A20CC-3045-4826-A858-0297565AFBA2}.Debug|Any CPU.Build.0 = Debug|Any CPU
		{0D8A20CC-3045-4826-A858-0297565AFBA2}.Release|Any CPU.ActiveCfg = Release|Any CPU
		{0D8A20CC-3045-4826-A858-0297565AFBA2}.Release|Any CPU.Build.0 = Release|Any CPU
		{E4121BEF-D319-46C4-9A30-78B01FA537A7}.Debug|Any CPU.ActiveCfg = Debug|Any CPU
		{E4121BEF-D319-46C4-9A30-78B01FA537A7}.Debug|Any CPU.Build.0 = Debug|Any CPU
		{E4121BEF-D319-46C4-9A30-78B01FA537A7}.Release|Any CPU.ActiveCfg = Release|Any CPU
		{E4121BEF-D319-46C4-9A30-78B01FA537A7}.Release|Any CPU.Build.0 = Release|Any CPU
		{6E7509DB-9ADB-4B69-BBC5-A19B2C9EF24A}.Debug|Any CPU.ActiveCfg = Debug|Any CPU
		{6E7509DB-9ADB-4B69-BBC5-A19B2C9EF24A}.Debug|Any CPU.Build.0 = Debug|Any CPU
		{6E7509DB-9ADB-4B69-BBC5-A19B2C9EF24A}.Release|Any CPU.ActiveCfg = Release|Any CPU
		{6E7509DB-9ADB-4B69-BBC5-A19B2C9EF24A}.Release|Any CPU.Build.0 = Release|Any CPU
	EndGlobalSection
	GlobalSection(SolutionProperties) = preSolution
		HideSolutionNode = FALSE
	EndGlobalSection
	GlobalSection(ExtensibilityGlobals) = postSolution
		SolutionGuid = {B86B14E4-58C6-4F3B-8729-2C70E76182C1}
	EndGlobalSection
EndGlobal
