
Microsoft Visual Studio Solution File, Format Version 12.00
# Visual Studio Version 16
VisualStudioVersion = 16.0.31729.503
MinimumVisualStudioVersion = 10.0.40219.1
Project("{FAE04EC0-301F-11D3-BF4B-00C04F79EFBC}") = "CSharp.Capitulo01.Sintaxe", "CSharp.Capitulo01.Sintaxe\CSharp.Capitulo01.Sintaxe.csproj", "{C891B9C0-9897-4556-9E0C-B810786FEE30}"
EndProject
Project("{9A19103F-16F7-4668-BE54-9A1E7A4F7556}") = "CSharp.Capitulo01.ValeTransporte", "CSharp.Capitulo01.ValeTransporte\CSharp.Capitulo01.ValeTransporte.csproj", "{0D8A20CC-3045-4826-A858-0297565AFBA2}"
EndProject
Project("{9A19103F-16F7-4668-BE54-9A1E7A4F7556}") = "CSharp.Capitulo02.GeradorSenha", "CSharp.Capitulo02.GeradorSenha\CSharp.Capitulo02.GeradorSenha.csproj", "{E4121BEF-D319-46C4-9A30-78B01FA537A7}"
EndProject
Project("{9A19103F-16F7-4668-BE54-9A1E7A4F7556}") = "CSharp.Capitulo02.EstruturasControle.Testes", "CSharp.Capitulo02.EstruturasControle.Testes\CSharp.Capitulo02.EstruturasControle.Testes.csproj", "{6E7509DB-9ADB-4B69-BBC5-A19B2C9EF24A}"
EndProject
Project("{2150E333-8FDC-42A3-9474-1A3956D46DE8}") = "Fintech", "Fintech", "{00A9C339-9A96-47D6-B9D7-B454618BC10D}"
EndProject
Project("{9A19103F-16F7-4668-BE54-9A1E7A4F7556}") = "Fintech.Dominio", "Fintech.Dominio\Fintech.Dominio.csproj", "{9D1CE7B1-9D58-4D40-AFBA-7A66E869D69A}"
EndProject
Project("{9A19103F-16F7-4668-BE54-9A1E7A4F7556}") = "Fintech.Correntista.Wpf", "Fintech.Correntista.Wpf\Fintech.Correntista.Wpf.csproj", "{6AAFE6BD-077E-4412-BBFB-C7AAD4F6CB29}"
EndProject
Project("{9A19103F-16F7-4668-BE54-9A1E7A4F7556}") = "CSharp.Capitulo02.GeradorSenhaTests", "CSharp.Capitulo02.GeradorSenhaTests\CSharp.Capitulo02.GeradorSenhaTests.csproj", "{13525BA5-58E8-4906-B7F4-2D9E7348CE4B}"
EndProject
Project("{FAE04EC0-301F-11D3-BF4B-00C04F79EFBC}") = "CSharp.Capitulo08.VetoresColecoes.Testes", "CSharp.Capitulo08.VetoresColecoes.Testes\CSharp.Capitulo08.VetoresColecoes.Testes.csproj", "{42C8D1D3-17D9-4725-909A-08A7DD9384EE}"
EndProject
Project("{FAE04EC0-301F-11D3-BF4B-00C04F79EFBC}") = "Fintech.Repositorios.SistemaArquivos", "Fintech.Repositorios.SistemaArquivos\Fintech.Repositorios.SistemaArquivos.csproj", "{DD68A880-6BA1-4341-9258-ADB1176E92F0}"
EndProject
Project("{FAE04EC0-301F-11D3-BF4B-00C04F79EFBC}") = "Fintech.Repositorios.SistemaArquivosTests", "Fintech.Repositorios.SistemaArquivosTests\Fintech.Repositorios.SistemaArquivosTests.csproj", "{D57D7A36-25C1-4E5A-A1F0-360D37F31C59}"
EndProject
Global
	GlobalSection(SolutionConfigurationPlatforms) = preSolution
		Debug|Any CPU = Debug|Any CPU
		Release|Any CPU = Release|Any CPU
	EndGlobalSection
	GlobalSection(ProjectConfigurationPlatforms) = postSolution
		{C891B9C0-9897-4556-9E0C-B810786FEE30}.Debug|Any CPU.ActiveCfg = Debug|Any CPU
		{C891B9C0-9897-4556-9E0C-B810786FEE30}.Debug|Any CPU.Build.0 = Debug|Any CPU
		{C891B9C0-9897-4556-9E0C-B810786FEE30}.Release|Any CPU.ActiveCfg = Release|Any CPU
		{C891B9C0-9897-4556-9E0C-B810786FEE30}.Release|Any CPU.Build.0 = Release|Any CPU
		{0D8A20CC-3045-4826-A858-0297565AFBA2}.Debug|Any CPU.ActiveCfg = Debug|Any CPU
		{0D8A20CC-3045-4826-A858-0297565AFBA2}.Debug|Any CPU.Build.0 = Debug|Any CPU
		{0D8A20CC-3045-4826-A858-0297565AFBA2}.Release|Any CPU.ActiveCfg = Release|Any CPU
		{0D8A20CC-3045-4826-A858-0297565AFBA2}.Release|Any CPU.Build.0 = Release|Any CPU
		{E4121BEF-D319-46C4-9A30-78B01FA537A7}.Debug|Any CPU.ActiveCfg = Debug|Any CPU
		{E4121BEF-D319-46C4-9A30-78B01FA537A7}.Debug|Any CPU.Build.0 = Debug|Any CPU
		{E4121BEF-D319-46C4-9A30-78B01FA537A7}.Release|Any CPU.ActiveCfg = Release|Any CPU
		{E4121BEF-D319-46C4-9A30-78B01FA537A7}.Release|Any CPU.Build.0 = Release|Any CPU
		{6E7509DB-9ADB-4B69-BBC5-A19B2C9EF24A}.Debug|Any CPU.ActiveCfg = Debug|Any CPU
		{6E7509DB-9ADB-4B69-BBC5-A19B2C9EF24A}.Debug|Any CPU.Build.0 = Debug|Any CPU
		{6E7509DB-9ADB-4B69-BBC5-A19B2C9EF24A}.Release|Any CPU.ActiveCfg = Release|Any CPU
		{6E7509DB-9ADB-4B69-BBC5-A19B2C9EF24A}.Release|Any CPU.Build.0 = Release|Any CPU
		{9D1CE7B1-9D58-4D40-AFBA-7A66E869D69A}.Debug|Any CPU.ActiveCfg = Debug|Any CPU
		{9D1CE7B1-9D58-4D40-AFBA-7A66E869D69A}.Debug|Any CPU.Build.0 = Debug|Any CPU
		{9D1CE7B1-9D58-4D40-AFBA-7A66E869D69A}.Release|Any CPU.ActiveCfg = Release|Any CPU
		{9D1CE7B1-9D58-4D40-AFBA-7A66E869D69A}.Release|Any CPU.Build.0 = Release|Any CPU
		{6AAFE6BD-077E-4412-BBFB-C7AAD4F6CB29}.Debug|Any CPU.ActiveCfg = Debug|Any CPU
		{6AAFE6BD-077E-4412-BBFB-C7AAD4F6CB29}.Debug|Any CPU.Build.0 = Debug|Any CPU
		{6AAFE6BD-077E-4412-BBFB-C7AAD4F6CB29}.Release|Any CPU.ActiveCfg = Release|Any CPU
		{6AAFE6BD-077E-4412-BBFB-C7AAD4F6CB29}.Release|Any CPU.Build.0 = Release|Any CPU
		{13525BA5-58E8-4906-B7F4-2D9E7348CE4B}.Debug|Any CPU.ActiveCfg = Debug|Any CPU
		{13525BA5-58E8-4906-B7F4-2D9E7348CE4B}.Debug|Any CPU.Build.0 = Debug|Any CPU
		{13525BA5-58E8-4906-B7F4-2D9E7348CE4B}.Release|Any CPU.ActiveCfg = Release|Any CPU
		{13525BA5-58E8-4906-B7F4-2D9E7348CE4B}.Release|Any CPU.Build.0 = Release|Any CPU
		{42C8D1D3-17D9-4725-909A-08A7DD9384EE}.Debug|Any CPU.ActiveCfg = Debug|Any CPU
		{42C8D1D3-17D9-4725-909A-08A7DD9384EE}.Debug|Any CPU.Build.0 = Debug|Any CPU
		{42C8D1D3-17D9-4725-909A-08A7DD9384EE}.Release|Any CPU.ActiveCfg = Release|Any CPU
		{42C8D1D3-17D9-4725-909A-08A7DD9384EE}.Release|Any CPU.Build.0 = Release|Any CPU
		{DD68A880-6BA1-4341-9258-ADB1176E92F0}.Debug|Any CPU.ActiveCfg = Debug|Any CPU
		{DD68A880-6BA1-4341-9258-ADB1176E92F0}.Debug|Any CPU.Build.0 = Debug|Any CPU
		{DD68A880-6BA1-4341-9258-ADB1176E92F0}.Release|Any CPU.ActiveCfg = Release|Any CPU
		{DD68A880-6BA1-4341-9258-ADB1176E92F0}.Release|Any CPU.Build.0 = Release|Any CPU
		{D57D7A36-25C1-4E5A-A1F0-360D37F31C59}.Debug|Any CPU.ActiveCfg = Debug|Any CPU
		{D57D7A36-25C1-4E5A-A1F0-360D37F31C59}.Debug|Any CPU.Build.0 = Debug|Any CPU
		{D57D7A36-25C1-4E5A-A1F0-360D37F31C59}.Release|Any CPU.ActiveCfg = Release|Any CPU
		{D57D7A36-25C1-4E5A-A1F0-360D37F31C59}.Release|Any CPU.Build.0 = Release|Any CPU
	EndGlobalSection
	GlobalSection(SolutionProperties) = preSolution
		HideSolutionNode = FALSE
	EndGlobalSection
	GlobalSection(NestedProjects) = preSolution
		{9D1CE7B1-9D58-4D40-AFBA-7A66E869D69A} = {00A9C339-9A96-47D6-B9D7-B454618BC10D}
		{6AAFE6BD-077E-4412-BBFB-C7AAD4F6CB29} = {00A9C339-9A96-47D6-B9D7-B454618BC10D}
		{DD68A880-6BA1-4341-9258-ADB1176E92F0} = {00A9C339-9A96-47D6-B9D7-B454618BC10D}
	EndGlobalSection
	GlobalSection(ExtensibilityGlobals) = postSolution
		SolutionGuid = {B86B14E4-58C6-4F3B-8729-2C70E76182C1}
	EndGlobalSection
EndGlobal
